
Microsoft Visual Studio Solution File, Format Version 12.00
# Visual Studio Version 17
VisualStudioVersion = 17.13.35931.197 d17.13
MinimumVisualStudioVersion = 10.0.40219.1
Project("{FAE04EC0-301F-11D3-BF4B-00C04F79EFBC}") = "teste", "teste\teste.csproj", "{474A44A7-EC50-4E85-8F4D-858771F93A7A}"
EndProject
Global
	GlobalSection(SolutionConfigurationPlatforms) = preSolution
		Debug|Any CPU = Debug|Any CPU
		Release|Any CPU = Release|Any CPU
	EndGlobalSection
	GlobalSection(ProjectConfigurationPlatforms) = postSolution
		{474A44A7-EC50-4E85-8F4D-858771F93A7A}.Debug|Any CPU.ActiveCfg = Debug|Any CPU
		{474A44A7-EC50-4E85-8F4D-858771F93A7A}.Debug|Any CPU.Build.0 = Debug|Any CPU
		{474A44A7-EC50-4E85-8F4D-858771F93A7A}.Release|Any CPU.ActiveCfg = Release|Any CPU
		{474A44A7-EC50-4E85-8F4D-858771F93A7A}.Release|Any CPU.Build.0 = Release|Any CPU
	EndGlobalSection
	GlobalSection(SolutionProperties) = preSolution
		HideSolutionNode = FALSE
	EndGlobalSection
	GlobalSection(ExtensibilityGlobals) = postSolution
		SolutionGuid = {E8F78434-FB7A-4796-BD82-624CA3E4DAC4}
	EndGlobalSection
EndGlobal
